
Microsoft Visual Studio Solution File, Format Version 12.00
# Visual Studio 2013
VisualStudioVersion = 12.0.31101.0
MinimumVisualStudioVersion = 10.0.40219.1
Project("{FAE04EC0-301F-11D3-BF4B-00C04F79EFBC}") = "MySymbols", "MySymbols\MySymbols.csproj", "{0262AED2-B882-4C77-A92A-FB8FFAA1F4F2}"
EndProject
Project("{2150E333-8FDC-42A3-9474-1A3956D46DE8}") = ".nuget", ".nuget", "{27CECED9-27CE-4AB1-B9DD-E664A862161B}"
	ProjectSection(SolutionItems) = preProject
		.nuget\NuGet.Config = .nuget\NuGet.Config
		.nuget\NuGet.exe = .nuget\NuGet.exe
		.nuget\NuGet.targets = .nuget\NuGet.targets
	EndProjectSection
EndProject
Project("{2150E333-8FDC-42A3-9474-1A3956D46DE8}") = "doc", "doc", "{53A7F914-04B7-4033-856F-41F2D3FAA094}"
	ProjectSection(SolutionItems) = preProject
		readme.md = readme.md
	EndProjectSection
EndProject
Project("{2150E333-8FDC-42A3-9474-1A3956D46DE8}") = "tools", "tools", "{B87B5634-22DF-473F-A7B6-422703D6E3D5}"
	ProjectSection(SolutionItems) = preProject
		tools\wdk8.1_auto_download.exe = tools\wdk8.1_auto_download.exe
	EndProjectSection
EndProject
Global
	GlobalSection(SolutionConfigurationPlatforms) = preSolution
		Debug|Any CPU = Debug|Any CPU
		Release|Any CPU = Release|Any CPU
	EndGlobalSection
	GlobalSection(ProjectConfigurationPlatforms) = postSolution
		{0262AED2-B882-4C77-A92A-FB8FFAA1F4F2}.Debug|Any CPU.ActiveCfg = Debug|Any CPU
		{0262AED2-B882-4C77-A92A-FB8FFAA1F4F2}.Debug|Any CPU.Build.0 = Debug|Any CPU
		{0262AED2-B882-4C77-A92A-FB8FFAA1F4F2}.Release|Any CPU.ActiveCfg = Release|Any CPU
		{0262AED2-B882-4C77-A92A-FB8FFAA1F4F2}.Release|Any CPU.Build.0 = Release|Any CPU
	EndGlobalSection
	GlobalSection(SolutionProperties) = preSolution
		HideSolutionNode = FALSE
	EndGlobalSection
EndGlobal
